// !$*UTF8*$!
{
	archiveVersion = 1;
	classes = {
	};
	objectVersion = 46;
	objects = {

/* Begin PBXBuildFile section */
		0532BBCE12F7F2290015357B /* Security.framework in Frameworks */ = {isa = PBXBuildFile; fileRef = 0532BBCD12F7F2290015357B /* Security.framework */; };
		0532BBD412F7F29A0015357B /* Execution.m in Sources */ = {isa = PBXBuildFile; fileRef = 0532BBD312F7F29A0015357B /* Execution.m */; };
		0532BBE312F83FC70015357B /* AboutController.m in Sources */ = {isa = PBXBuildFile; fileRef = 0532BBE212F83FC70015357B /* AboutController.m */; };
		058BCF7112EF70D5003DF741 /* Cocoa.framework in Frameworks */ = {isa = PBXBuildFile; fileRef = 058BCF7012EF70D5003DF741 /* Cocoa.framework */; };
		058BCF7B12EF70D5003DF741 /* InfoPlist.strings in Resources */ = {isa = PBXBuildFile; fileRef = 058BCF7912EF70D5003DF741 /* InfoPlist.strings */; };
		058BCF7E12EF70D5003DF741 /* main.m in Sources */ = {isa = PBXBuildFile; fileRef = 058BCF7D12EF70D5003DF741 /* main.m */; };
		058BCF8712EF70D6003DF741 /* MainMenu.xib in Resources */ = {isa = PBXBuildFile; fileRef = 058BCF8512EF70D6003DF741 /* MainMenu.xib */; };
		0595CCBB12EFF85C006A51F8 /* ApplicationDelegate.m in Sources */ = {isa = PBXBuildFile; fileRef = 0595CCB812EFF85C006A51F8 /* ApplicationDelegate.m */; };
		0595CCC512EFFF32006A51F8 /* MainWindow.xib in Resources */ = {isa = PBXBuildFile; fileRef = 0595CCC312EFFF32006A51F8 /* MainWindow.xib */; };
		0595CCD312F0246E006A51F8 /* Process.m in Sources */ = {isa = PBXBuildFile; fileRef = 0595CCD212F0246E006A51F8 /* Process.m */; };
		0595CCD812F030CE006A51F8 /* MainWindowController.m in Sources */ = {isa = PBXBuildFile; fileRef = 0595CCD712F030CE006A51F8 /* MainWindowController.m */; };
		0595CCE412F03753006A51F8 /* ProcessInfos.m in Sources */ = {isa = PBXBuildFile; fileRef = 0595CCE312F03753006A51F8 /* ProcessInfos.m */; };
		05A2297112FA975300E6019C /* Application.icns in Resources */ = {isa = PBXBuildFile; fileRef = 05A2297012FA975300E6019C /* Application.icns */; };
/* End PBXBuildFile section */

/* Begin PBXFileReference section */
		0532BBCD12F7F2290015357B /* Security.framework */ = {isa = PBXFileReference; lastKnownFileType = wrapper.framework; name = Security.framework; path = System/Library/Frameworks/Security.framework; sourceTree = SDKROOT; };
		0532BBD312F7F29A0015357B /* Execution.m */ = {isa = PBXFileReference; fileEncoding = 4; lastKnownFileType = sourcecode.c.objc; path = Execution.m; sourceTree = "<group>"; };
		0532BBD512F7F2AA0015357B /* Execution.h */ = {isa = PBXFileReference; fileEncoding = 4; lastKnownFileType = sourcecode.c.h; path = Execution.h; sourceTree = "<group>"; };
		0532BBE212F83FC70015357B /* AboutController.m */ = {isa = PBXFileReference; fileEncoding = 4; lastKnownFileType = sourcecode.c.objc; path = AboutController.m; sourceTree = "<group>"; };
		0532BBE412F83FE00015357B /* AboutController.h */ = {isa = PBXFileReference; fileEncoding = 4; lastKnownFileType = sourcecode.c.h; path = AboutController.h; sourceTree = "<group>"; };
		058BCF6C12EF70D5003DF741 /* ProcessRenicer.app */ = {isa = PBXFileReference; explicitFileType = wrapper.application; includeInIndex = 0; path = ProcessRenicer.app; sourceTree = BUILT_PRODUCTS_DIR; };
		058BCF7012EF70D5003DF741 /* Cocoa.framework */ = {isa = PBXFileReference; lastKnownFileType = wrapper.framework; name = Cocoa.framework; path = System/Library/Frameworks/Cocoa.framework; sourceTree = SDKROOT; };
		058BCF7312EF70D5003DF741 /* AppKit.framework */ = {isa = PBXFileReference; lastKnownFileType = wrapper.framework; name = AppKit.framework; path = System/Library/Frameworks/AppKit.framework; sourceTree = SDKROOT; };
		058BCF7412EF70D5003DF741 /* CoreData.framework */ = {isa = PBXFileReference; lastKnownFileType = wrapper.framework; name = CoreData.framework; path = System/Library/Frameworks/CoreData.framework; sourceTree = SDKROOT; };
		058BCF7512EF70D5003DF741 /* Foundation.framework */ = {isa = PBXFileReference; lastKnownFileType = wrapper.framework; name = Foundation.framework; path = System/Library/Frameworks/Foundation.framework; sourceTree = SDKROOT; };
		058BCF7812EF70D5003DF741 /* ProcessRenicer-Info.plist */ = {isa = PBXFileReference; lastKnownFileType = text.plist.xml; path = "ProcessRenicer-Info.plist"; sourceTree = "<group>"; };
		058BCF7A12EF70D5003DF741 /* en */ = {isa = PBXFileReference; lastKnownFileType = text.plist.strings; name = en; path = en.lproj/InfoPlist.strings; sourceTree = "<group>"; };
		058BCF7C12EF70D5003DF741 /* ProcessRenicer-Prefix.pch */ = {isa = PBXFileReference; lastKnownFileType = sourcecode.c.h; path = "ProcessRenicer-Prefix.pch"; sourceTree = "<group>"; };
		058BCF7D12EF70D5003DF741 /* main.m */ = {isa = PBXFileReference; lastKnownFileType = sourcecode.c.objc; path = main.m; sourceTree = "<group>"; };
		058BCF8612EF70D6003DF741 /* en */ = {isa = PBXFileReference; lastKnownFileType = file.xib; name = en; path = en.lproj/MainMenu.xib; sourceTree = "<group>"; };
		0595CCB812EFF85C006A51F8 /* ApplicationDelegate.m */ = {isa = PBXFileReference; fileEncoding = 4; lastKnownFileType = sourcecode.c.objc; path = ApplicationDelegate.m; sourceTree = "<group>"; };
		0595CCBA12EFF85C006A51F8 /* ApplicationDelegate.h */ = {isa = PBXFileReference; fileEncoding = 4; lastKnownFileType = sourcecode.c.h; path = ApplicationDelegate.h; sourceTree = "<group>"; };
		0595CCC212EFFEB9006A51F8 /* macros.h */ = {isa = PBXFileReference; fileEncoding = 4; lastKnownFileType = sourcecode.c.h; path = macros.h; sourceTree = "<group>"; };
		0595CCC412EFFF32006A51F8 /* en */ = {isa = PBXFileReference; lastKnownFileType = file.xib; name = en; path = en.lproj/MainWindow.xib; sourceTree = "<group>"; };
		0595CCCC12F00104006A51F8 /* __machine.h */ = {isa = PBXFileReference; fileEncoding = 4; lastKnownFileType = sourcecode.c.h; path = __machine.h; sourceTree = "<group>"; };
		0595CCCE12F00104006A51F8 /* __arm.h */ = {isa = PBXFileReference; fileEncoding = 4; lastKnownFileType = sourcecode.c.h; path = __arm.h; sourceTree = "<group>"; };
		0595CCCF12F00104006A51F8 /* __i386.h */ = {isa = PBXFileReference; fileEncoding = 4; lastKnownFileType = sourcecode.c.h; path = __i386.h; sourceTree = "<group>"; };
		0595CCD012F00104006A51F8 /* eos-skl.h */ = {isa = PBXFileReference; fileEncoding = 4; lastKnownFileType = sourcecode.c.h; path = "eos-skl.h"; sourceTree = "<group>"; };
		0595CCD212F0246E006A51F8 /* Process.m */ = {isa = PBXFileReference; fileEncoding = 4; lastKnownFileType = sourcecode.c.objc; path = Process.m; sourceTree = "<group>"; };
		0595CCD412F0247B006A51F8 /* Process.h */ = {isa = PBXFileReference; fileEncoding = 4; lastKnownFileType = sourcecode.c.h; path = Process.h; sourceTree = "<group>"; };
		0595CCD712F030CE006A51F8 /* MainWindowController.m */ = {isa = PBXFileReference; fileEncoding = 4; lastKnownFileType = sourcecode.c.objc; path = MainWindowController.m; sourceTree = "<group>"; };
		0595CCDA12F030E7006A51F8 /* MainWindowController.h */ = {isa = PBXFileReference; fileEncoding = 4; lastKnownFileType = sourcecode.c.h; path = MainWindowController.h; sourceTree = "<group>"; };
		0595CCE312F03753006A51F8 /* ProcessInfos.m */ = {isa = PBXFileReference; fileEncoding = 4; lastKnownFileType = sourcecode.c.objc; path = ProcessInfos.m; sourceTree = "<group>"; };
		0595CCE612F03762006A51F8 /* ProcessInfos.h */ = {isa = PBXFileReference; fileEncoding = 4; lastKnownFileType = sourcecode.c.h; path = ProcessInfos.h; sourceTree = "<group>"; };
		05A2297012FA975300E6019C /* Application.icns */ = {isa = PBXFileReference; lastKnownFileType = image.icns; path = Application.icns; sourceTree = "<group>"; };
/* End PBXFileReference section */

/* Begin PBXFrameworksBuildPhase section */
		058BCF6912EF70D5003DF741 /* Frameworks */ = {
			isa = PBXFrameworksBuildPhase;
			buildActionMask = 2147483647;
			files = (
				0532BBCE12F7F2290015357B /* Security.framework in Frameworks */,
				058BCF7112EF70D5003DF741 /* Cocoa.framework in Frameworks */,
			);
			runOnlyForDeploymentPostprocessing = 0;
		};
/* End PBXFrameworksBuildPhase section */

/* Begin PBXGroup section */
		058BCF6112EF70D5003DF741 = {
			isa = PBXGroup;
			children = (
				058BCF7612EF70D5003DF741 /* ProcessRenicer */,
				058BCF6F12EF70D5003DF741 /* Frameworks */,
				058BCF6D12EF70D5003DF741 /* Products */,
			);
			sourceTree = "<group>";
		};
		058BCF6D12EF70D5003DF741 /* Products */ = {
			isa = PBXGroup;
			children = (
				058BCF6C12EF70D5003DF741 /* ProcessRenicer.app */,
			);
			name = Products;
			sourceTree = "<group>";
		};
		058BCF6F12EF70D5003DF741 /* Frameworks */ = {
			isa = PBXGroup;
			children = (
				058BCF7012EF70D5003DF741 /* Cocoa.framework */,
				0532BBCD12F7F2290015357B /* Security.framework */,
				058BCF7212EF70D5003DF741 /* Other Frameworks */,
			);
			name = Frameworks;
			sourceTree = "<group>";
		};
		058BCF7212EF70D5003DF741 /* Other Frameworks */ = {
			isa = PBXGroup;
			children = (
				058BCF7312EF70D5003DF741 /* AppKit.framework */,
				058BCF7412EF70D5003DF741 /* CoreData.framework */,
				058BCF7512EF70D5003DF741 /* Foundation.framework */,
			);
			name = "Other Frameworks";
			sourceTree = "<group>";
		};
		058BCF7612EF70D5003DF741 /* ProcessRenicer */ = {
			isa = PBXGroup;
			children = (
				0595CCB712EFF85C006A51F8 /* Classes */,
				0595CCBC12EFF875006A51F8 /* UI */,
				058BCF7712EF70D5003DF741 /* Supporting Files */,
			);
			path = ProcessRenicer;
			sourceTree = "<group>";
		};
		058BCF7712EF70D5003DF741 /* Supporting Files */ = {
			isa = PBXGroup;
			children = (
				0595CCC112EFFEAA006A51F8 /* include */,
				058BCF7812EF70D5003DF741 /* ProcessRenicer-Info.plist */,
				058BCF7912EF70D5003DF741 /* InfoPlist.strings */,
				058BCF7C12EF70D5003DF741 /* ProcessRenicer-Prefix.pch */,
				058BCF7D12EF70D5003DF741 /* main.m */,
			);
			name = "Supporting Files";
			sourceTree = "<group>";
		};
		0595CCB712EFF85C006A51F8 /* Classes */ = {
			isa = PBXGroup;
			children = (
				0532BBE212F83FC70015357B /* AboutController.m */,
				0595CCB812EFF85C006A51F8 /* ApplicationDelegate.m */,
				0595CCD712F030CE006A51F8 /* MainWindowController.m */,
				0595CCD212F0246E006A51F8 /* Process.m */,
				0595CCE312F03753006A51F8 /* ProcessInfos.m */,
				0532BBD312F7F29A0015357B /* Execution.m */,
				0595CCB912EFF85C006A51F8 /* include */,
			);
			path = Classes;
			sourceTree = "<group>";
		};
		0595CCB912EFF85C006A51F8 /* include */ = {
			isa = PBXGroup;
			children = (
				0595CCBA12EFF85C006A51F8 /* ApplicationDelegate.h */,
				0595CCDA12F030E7006A51F8 /* MainWindowController.h */,
				0595CCD412F0247B006A51F8 /* Process.h */,
				0595CCE612F03762006A51F8 /* ProcessInfos.h */,
				0532BBD512F7F2AA0015357B /* Execution.h */,
				0532BBE412F83FE00015357B /* AboutController.h */,
			);
			path = include;
			sourceTree = "<group>";
		};
		0595CCBC12EFF875006A51F8 /* UI */ = {
			isa = PBXGroup;
			children = (
				05A2297012FA975300E6019C /* Application.icns */,
				058BCF8512EF70D6003DF741 /* MainMenu.xib */,
				0595CCC312EFFF32006A51F8 /* MainWindow.xib */,
			);
			name = UI;
			sourceTree = "<group>";
		};
		0595CCC112EFFEAA006A51F8 /* include */ = {
			isa = PBXGroup;
			children = (
				0595CCCA12F00104006A51F8 /* eos-skl */,
				0595CCC212EFFEB9006A51F8 /* macros.h */,
			);
			path = include;
			sourceTree = "<group>";
		};
		0595CCCA12F00104006A51F8 /* eos-skl */ = {
			isa = PBXGroup;
			children = (
				0595CCCB12F00104006A51F8 /* __private */,
				0595CCD012F00104006A51F8 /* eos-skl.h */,
			);
			path = "eos-skl";
			sourceTree = "<group>";
		};
		0595CCCB12F00104006A51F8 /* __private */ = {
			isa = PBXGroup;
			children = (
				0595CCCC12F00104006A51F8 /* __machine.h */,
				0595CCCD12F00104006A51F8 /* arch */,
			);
			path = __private;
			sourceTree = "<group>";
		};
		0595CCCD12F00104006A51F8 /* arch */ = {
			isa = PBXGroup;
			children = (
				0595CCCE12F00104006A51F8 /* __arm.h */,
				0595CCCF12F00104006A51F8 /* __i386.h */,
			);
			path = arch;
			sourceTree = "<group>";
		};
/* End PBXGroup section */

/* Begin PBXNativeTarget section */
		058BCF6B12EF70D5003DF741 /* ProcessRenicer */ = {
			isa = PBXNativeTarget;
			buildConfigurationList = 058BCF8A12EF70D6003DF741 /* Build configuration list for PBXNativeTarget "ProcessRenicer" */;
			buildPhases = (
				058BCF6812EF70D5003DF741 /* Sources */,
				058BCF6912EF70D5003DF741 /* Frameworks */,
				058BCF6A12EF70D5003DF741 /* Resources */,
			);
			buildRules = (
			);
			dependencies = (
			);
			name = ProcessRenicer;
			productName = ProcessRenicer;
			productReference = 058BCF6C12EF70D5003DF741 /* ProcessRenicer.app */;
			productType = "com.apple.product-type.application";
		};
/* End PBXNativeTarget section */

/* Begin PBXProject section */
		058BCF6312EF70D5003DF741 /* Project object */ = {
			isa = PBXProject;
			attributes = {
				LastUpgradeCheck = 0420;
				ORGANIZATIONNAME = eosgarden;
			};
			buildConfigurationList = 058BCF6612EF70D5003DF741 /* Build configuration list for PBXProject "ProcessRenicer" */;
			compatibilityVersion = "Xcode 3.2";
			developmentRegion = English;
			hasScannedForEncodings = 0;
			knownRegions = (
				en,
			);
			mainGroup = 058BCF6112EF70D5003DF741;
			productRefGroup = 058BCF6D12EF70D5003DF741 /* Products */;
			projectDirPath = "";
			projectRoot = "";
			targets = (
				058BCF6B12EF70D5003DF741 /* ProcessRenicer */,
			);
		};
/* End PBXProject section */

/* Begin PBXResourcesBuildPhase section */
		058BCF6A12EF70D5003DF741 /* Resources */ = {
			isa = PBXResourcesBuildPhase;
			buildActionMask = 2147483647;
			files = (
				058BCF7B12EF70D5003DF741 /* InfoPlist.strings in Resources */,
				058BCF8712EF70D6003DF741 /* MainMenu.xib in Resources */,
				0595CCC512EFFF32006A51F8 /* MainWindow.xib in Resources */,
				05A2297112FA975300E6019C /* Application.icns in Resources */,
			);
			runOnlyForDeploymentPostprocessing = 0;
		};
/* End PBXResourcesBuildPhase section */

/* Begin PBXSourcesBuildPhase section */
		058BCF6812EF70D5003DF741 /* Sources */ = {
			isa = PBXSourcesBuildPhase;
			buildActionMask = 2147483647;
			files = (
				058BCF7E12EF70D5003DF741 /* main.m in Sources */,
				0595CCBB12EFF85C006A51F8 /* ApplicationDelegate.m in Sources */,
				0595CCD312F0246E006A51F8 /* Process.m in Sources */,
				0595CCD812F030CE006A51F8 /* MainWindowController.m in Sources */,
				0595CCE412F03753006A51F8 /* ProcessInfos.m in Sources */,
				0532BBD412F7F29A0015357B /* Execution.m in Sources */,
				0532BBE312F83FC70015357B /* AboutController.m in Sources */,
			);
			runOnlyForDeploymentPostprocessing = 0;
		};
/* End PBXSourcesBuildPhase section */

/* Begin PBXVariantGroup section */
		058BCF7912EF70D5003DF741 /* InfoPlist.strings */ = {
			isa = PBXVariantGroup;
			children = (
				058BCF7A12EF70D5003DF741 /* en */,
			);
			name = InfoPlist.strings;
			sourceTree = "<group>";
		};
		058BCF8512EF70D6003DF741 /* MainMenu.xib */ = {
			isa = PBXVariantGroup;
			children = (
				058BCF8612EF70D6003DF741 /* en */,
			);
			name = MainMenu.xib;
			sourceTree = "<group>";
		};
		0595CCC312EFFF32006A51F8 /* MainWindow.xib */ = {
			isa = PBXVariantGroup;
			children = (
				0595CCC412EFFF32006A51F8 /* en */,
			);
			name = MainWindow.xib;
			sourceTree = "<group>";
		};
/* End PBXVariantGroup section */

/* Begin XCBuildConfiguration section */
		058BCF8812EF70D6003DF741 /* Debug */ = {
			isa = XCBuildConfiguration;
			buildSettings = {
				ARCHS = "$(ARCHS_STANDARD_32_64_BIT)";
				CODE_SIGN_IDENTITY = "";
				COPY_PHASE_STRIP = NO;
				DEPLOYMENT_LOCATION = YES;
				DEPLOYMENT_POSTPROCESSING = YES;
				DSTROOT = /;
				GCC_C_LANGUAGE_STANDARD = c99;
				GCC_ENABLE_OBJC_EXCEPTIONS = YES;
				GCC_OPTIMIZATION_LEVEL = 0;
				GCC_PREPROCESSOR_DEFINITIONS = DEBUG;
				GCC_TREAT_IMPLICIT_FUNCTION_DECLARATIONS_AS_ERRORS = YES;
				GCC_TREAT_WARNINGS_AS_ERRORS = YES;
				GCC_VERSION = com.apple.compilers.llvm.clang.1_0;
				GCC_WARN_64_TO_32_BIT_CONVERSION = YES;
				GCC_WARN_ABOUT_DEPRECATED_FUNCTIONS = YES;
				GCC_WARN_ABOUT_INVALID_OFFSETOF_MACRO = YES;
				GCC_WARN_ABOUT_MISSING_FIELD_INITIALIZERS = YES;
				GCC_WARN_ABOUT_MISSING_NEWLINE = YES;
				GCC_WARN_ABOUT_MISSING_PROTOTYPES = YES;
				GCC_WARN_ABOUT_POINTER_SIGNEDNESS = YES;
				GCC_WARN_ABOUT_RETURN_TYPE = YES;
				GCC_WARN_ALLOW_INCOMPLETE_PROTOCOL = YES;
				GCC_WARN_CHECK_SWITCH_STATEMENTS = YES;
				GCC_WARN_FOUR_CHARACTER_CONSTANTS = YES;
				GCC_WARN_HIDDEN_VIRTUAL_FUNCTIONS = YES;
				GCC_WARN_INITIALIZER_NOT_FULLY_BRACKETED = YES;
				GCC_WARN_MISSING_PARENTHESES = YES;
				GCC_WARN_MULTIPLE_DEFINITION_TYPES_FOR_SELECTOR = YES;
				GCC_WARN_NON_VIRTUAL_DESTRUCTOR = YES;
				GCC_WARN_PEDANTIC = YES;
				GCC_WARN_SHADOW = YES;
				GCC_WARN_SIGN_COMPARE = YES;
				GCC_WARN_TYPECHECK_CALLS_TO_PRINTF = YES;
				GCC_WARN_UNDECLARED_SELECTOR = YES;
				GCC_WARN_UNINITIALIZED_AUTOS = YES;
				GCC_WARN_UNKNOWN_PRAGMAS = YES;
				GCC_WARN_UNUSED_FUNCTION = YES;
				GCC_WARN_UNUSED_LABEL = YES;
				GCC_WARN_UNUSED_PARAMETER = YES;
				GCC_WARN_UNUSED_VALUE = YES;
				GCC_WARN_UNUSED_VARIABLE = YES;
				INSTALL_PATH = /Applications;
				MACOSX_DEPLOYMENT_TARGET = 10.6;
				ONLY_ACTIVE_ARCH = NO;
				SDKROOT = macosx;
				WARNING_CFLAGS = (
					"-Wall",
					"-Wextra",
					"-Werror",
					"-Wbad-function-cast",
					"-Wmissing-declarations",
					"-Wmissing-prototypes",
					"-Wnested-externs",
					"-Wold-style-definition",
					"-Wstrict-prototypes",
					"-Wdeclaration-after-statement",
				);
			};
			name = Debug;
		};
		058BCF8912EF70D6003DF741 /* Release */ = {
			isa = XCBuildConfiguration;
			buildSettings = {
				ARCHS = "$(ARCHS_STANDARD_32_64_BIT)";
				CODE_SIGN_IDENTITY = "";
				COPY_PHASE_STRIP = YES;
				DEBUG_INFORMATION_FORMAT = "dwarf-with-dsym";
				DEPLOYMENT_LOCATION = YES;
				DEPLOYMENT_POSTPROCESSING = YES;
				DSTROOT = /;
				GCC_C_LANGUAGE_STANDARD = c99;
				GCC_ENABLE_OBJC_EXCEPTIONS = YES;
				GCC_TREAT_IMPLICIT_FUNCTION_DECLARATIONS_AS_ERRORS = YES;
				GCC_TREAT_WARNINGS_AS_ERRORS = YES;
				GCC_VERSION = com.apple.compilers.llvm.clang.1_0;
				GCC_WARN_64_TO_32_BIT_CONVERSION = YES;
				GCC_WARN_ABOUT_DEPRECATED_FUNCTIONS = YES;
				GCC_WARN_ABOUT_INVALID_OFFSETOF_MACRO = YES;
				GCC_WARN_ABOUT_MISSING_FIELD_INITIALIZERS = YES;
				GCC_WARN_ABOUT_MISSING_NEWLINE = YES;
				GCC_WARN_ABOUT_MISSING_PROTOTYPES = YES;
				GCC_WARN_ABOUT_POINTER_SIGNEDNESS = YES;
				GCC_WARN_ABOUT_RETURN_TYPE = YES;
				GCC_WARN_ALLOW_INCOMPLETE_PROTOCOL = YES;
				GCC_WARN_CHECK_SWITCH_STATEMENTS = YES;
				GCC_WARN_FOUR_CHARACTER_CONSTANTS = YES;
				GCC_WARN_HIDDEN_VIRTUAL_FUNCTIONS = YES;
				GCC_WARN_INITIALIZER_NOT_FULLY_BRACKETED = YES;
				GCC_WARN_MISSING_PARENTHESES = YES;
				GCC_WARN_MULTIPLE_DEFINITION_TYPES_FOR_SELECTOR = YES;
				GCC_WARN_NON_VIRTUAL_DESTRUCTOR = YES;
				GCC_WARN_PEDANTIC = YES;
				GCC_WARN_SHADOW = YES;
				GCC_WARN_SIGN_COMPARE = YES;
				GCC_WARN_TYPECHECK_CALLS_TO_PRINTF = YES;
				GCC_WARN_UNDECLARED_SELECTOR = YES;
				GCC_WARN_UNINITIALIZED_AUTOS = YES;
				GCC_WARN_UNKNOWN_PRAGMAS = YES;
				GCC_WARN_UNUSED_FUNCTION = YES;
				GCC_WARN_UNUSED_LABEL = YES;
				GCC_WARN_UNUSED_PARAMETER = YES;
				GCC_WARN_UNUSED_VALUE = YES;
				GCC_WARN_UNUSED_VARIABLE = YES;
				INSTALL_PATH = /Applications;
				MACOSX_DEPLOYMENT_TARGET = 10.6;
				SDKROOT = macosx;
				WARNING_CFLAGS = (
					"-Wall",
					"-Wextra",
					"-Werror",
					"-Wbad-function-cast",
					"-Wmissing-declarations",
					"-Wmissing-prototypes",
					"-Wnested-externs",
					"-Wold-style-definition",
					"-Wstrict-prototypes",
					"-Wdeclaration-after-statement",
				);
			};
			name = Release;
		};
		058BCF8B12EF70D6003DF741 /* Debug */ = {
			isa = XCBuildConfiguration;
			buildSettings = {
				ALWAYS_SEARCH_USER_PATHS = NO;
				GCC_DYNAMIC_NO_PIC = NO;
				GCC_PRECOMPILE_PREFIX_HEADER = YES;
				GCC_PREFIX_HEADER = "ProcessRenicer/ProcessRenicer-Prefix.pch";
				INFOPLIST_FILE = "ProcessRenicer/ProcessRenicer-Info.plist";
				PRODUCT_NAME = "$(TARGET_NAME)";
				WRAPPER_EXTENSION = app;
			};
			name = Debug;
		};
		058BCF8C12EF70D6003DF741 /* Release */ = {
			isa = XCBuildConfiguration;
			buildSettings = {
				ALWAYS_SEARCH_USER_PATHS = NO;
				GCC_PRECOMPILE_PREFIX_HEADER = YES;
				GCC_PREFIX_HEADER = "ProcessRenicer/ProcessRenicer-Prefix.pch";
				INFOPLIST_FILE = "ProcessRenicer/ProcessRenicer-Info.plist";
				PRODUCT_NAME = "$(TARGET_NAME)";
				WRAPPER_EXTENSION = app;
			};
			name = Release;
		};
/* End XCBuildConfiguration section */

/* Begin XCConfigurationList section */
		058BCF6612EF70D5003DF741 /* Build configuration list for PBXProject "ProcessRenicer" */ = {
			isa = XCConfigurationList;
			buildConfigurations = (
				058BCF8812EF70D6003DF741 /* Debug */,
				058BCF8912EF70D6003DF741 /* Release */,
			);
			defaultConfigurationIsVisible = 0;
			defaultConfigurationName = Release;
		};
		058BCF8A12EF70D6003DF741 /* Build configuration list for PBXNativeTarget "ProcessRenicer" */ = {
			isa = XCConfigurationList;
			buildConfigurations = (
				058BCF8B12EF70D6003DF741 /* Debug */,
				058BCF8C12EF70D6003DF741 /* Release */,
			);
			defaultConfigurationIsVisible = 0;
			defaultConfigurationName = Release;
		};
/* End XCConfigurationList section */
	};
	rootObject = 058BCF6312EF70D5003DF741 /* Project object */;
}
